github.com/Arpitmovers/dog v0.0.0-20241023012605-eb10152ff3af h1:rRdd57guXsIs5648g5dw3WnlsEIxgd0oVStAscnnMSI=
github.com/Arpitmovers/dog v0.0.0-20241023012605-eb10152ff3af/go.mod h1:pA5CFsna9e3TnNQWLmT0bYbTq9S5Llpl+UyXHj+o1r4=
github.com/Arpitmovers/dog v0.0.0-20241023014528-ada8b62d6dbf h1:9cWMr/ZLvjQrvrvmh/EfCZwmYMM1flnhkENbzpEGhUw=
github.com/Arpitmovers/dog v0.0.0-20241023014528-ada8b62d6dbf/go.mod h1:pA5CFsna9e3TnNQWLmT0bYbTq9S5Llpl+UyXHj+o1r4=
